
Microsoft Visual Studio Solution File, Format Version 12.00
# Visual Studio 15
VisualStudioVersion = 15.0.26014.0
MinimumVisualStudioVersion = 10.0.40219.1
Project("{9092AA53-FB77-4645-B42D-1CCCA6BD08BD}") = "as-alexa-alaskaair", "as-alexa-alaskaair\as-alexa-alaskaair.njsproj", "{A2BF0A00-18C1-496F-B12E-E3ED80BE9B19}"
EndProject
Project("{151D2E53-A2C4-4D7D-83FE-D05416EBD58E}") = "as-alexa-alaskaair-resourcegroup", "as-alexa-alaskaair-resourcegroup\as-alexa-alaskaair-resourcegroup.deployproj", "{6C5AFD6C-14E2-42C2-80A8-B877F91541FB}"
EndProject
Global
	GlobalSection(SolutionConfigurationPlatforms) = preSolution
		Debug|Any CPU = Debug|Any CPU
		Release|Any CPU = Release|Any CPU
	EndGlobalSection
	GlobalSection(ProjectConfigurationPlatforms) = postSolution
		{A2BF0A00-18C1-496F-B12E-E3ED80BE9B19}.Debug|Any CPU.ActiveCfg = Debug|Any CPU
		{A2BF0A00-18C1-496F-B12E-E3ED80BE9B19}.Debug|Any CPU.Build.0 = Debug|Any CPU
		{A2BF0A00-18C1-496F-B12E-E3ED80BE9B19}.Release|Any CPU.ActiveCfg = Release|Any CPU
		{A2BF0A00-18C1-496F-B12E-E3ED80BE9B19}.Release|Any CPU.Build.0 = Release|Any CPU
		{6C5AFD6C-14E2-42C2-80A8-B877F91541FB}.Debug|Any CPU.ActiveCfg = Debug|Any CPU
		{6C5AFD6C-14E2-42C2-80A8-B877F91541FB}.Debug|Any CPU.Build.0 = Debug|Any CPU
		{6C5AFD6C-14E2-42C2-80A8-B877F91541FB}.Release|Any CPU.ActiveCfg = Release|Any CPU
		{6C5AFD6C-14E2-42C2-80A8-B877F91541FB}.Release|Any CPU.Build.0 = Release|Any CPU
	EndGlobalSection
	GlobalSection(SolutionProperties) = preSolution
		HideSolutionNode = FALSE
	EndGlobalSection
EndGlobal
